// !$*UTF8*$!
{
	archiveVersion = 1;
	classes = {
	};
	objectVersion = 46;
	objects = {

/* Begin PBXBuildFile section */
		1D72D66B1B71D7FD00E80D15 /* main.m in Sources */ = {isa = PBXBuildFile; fileRef = 1D72D66A1B71D7FD00E80D15 /* main.m */; };
		1D72D66E1B71D7FD00E80D15 /* AppDelegate.m in Sources */ = {isa = PBXBuildFile; fileRef = 1D72D66D1B71D7FD00E80D15 /* AppDelegate.m */; };
		1D72D6711B71D7FD00E80D15 /* ViewController.m in Sources */ = {isa = PBXBuildFile; fileRef = 1D72D6701B71D7FD00E80D15 /* ViewController.m */; };
		1D72D6741B71D7FD00E80D15 /* Main.storyboard in Resources */ = {isa = PBXBuildFile; fileRef = 1D72D6721B71D7FD00E80D15 /* Main.storyboard */; };
		1D72D6761B71D7FD00E80D15 /* Images.xcassets in Resources */ = {isa = PBXBuildFile; fileRef = 1D72D6751B71D7FD00E80D15 /* Images.xcassets */; };
		1D72D6791B71D7FD00E80D15 /* LaunchScreen.xib in Resources */ = {isa = PBXBuildFile; fileRef = 1D72D6771B71D7FD00E80D15 /* LaunchScreen.xib */; };
		1D72D6851B71D7FD00E80D15 /* RedScarfTests.m in Sources */ = {isa = PBXBuildFile; fileRef = 1D72D6841B71D7FD00E80D15 /* RedScarfTests.m */; };
/* End PBXBuildFile section */

/* Begin PBXContainerItemProxy section */
		1D72D67F1B71D7FD00E80D15 /* PBXContainerItemProxy */ = {
			isa = PBXContainerItemProxy;
			containerPortal = 1D72D65D1B71D7FD00E80D15 /* Project object */;
			proxyType = 1;
			remoteGlobalIDString = 1D72D6641B71D7FD00E80D15;
			remoteInfo = RedScarf;
		};
/* End PBXContainerItemProxy section */

/* Begin PBXFileReference section */
		1D72D6651B71D7FD00E80D15 /* RedScarf.app */ = {isa = PBXFileReference; explicitFileType = wrapper.application; includeInIndex = 0; path = RedScarf.app; sourceTree = BUILT_PRODUCTS_DIR; };
		1D72D6691B71D7FD00E80D15 /* Info.plist */ = {isa = PBXFileReference; lastKnownFileType = text.plist.xml; path = Info.plist; sourceTree = "<group>"; };
		1D72D66A1B71D7FD00E80D15 /* main.m */ = {isa = PBXFileReference; lastKnownFileType = sourcecode.c.objc; path = main.m; sourceTree = "<group>"; };
		1D72D66C1B71D7FD00E80D15 /* AppDelegate.h */ = {isa = PBXFileReference; lastKnownFileType = sourcecode.c.h; path = AppDelegate.h; sourceTree = "<group>"; };
		1D72D66D1B71D7FD00E80D15 /* AppDelegate.m */ = {isa = PBXFileReference; lastKnownFileType = sourcecode.c.objc; path = AppDelegate.m; sourceTree = "<group>"; };
		1D72D66F1B71D7FD00E80D15 /* ViewController.h */ = {isa = PBXFileReference; lastKnownFileType = sourcecode.c.h; path = ViewController.h; sourceTree = "<group>"; };
		1D72D6701B71D7FD00E80D15 /* ViewController.m */ = {isa = PBXFileReference; lastKnownFileType = sourcecode.c.objc; path = ViewController.m; sourceTree = "<group>"; };
		1D72D6731B71D7FD00E80D15 /* Base */ = {isa = PBXFileReference; lastKnownFileType = file.storyboard; name = Base; path = Base.lproj/Main.storyboard; sourceTree = "<group>"; };
		1D72D6751B71D7FD00E80D15 /* Images.xcassets */ = {isa = PBXFileReference; lastKnownFileType = folder.assetcatalog; path = Images.xcassets; sourceTree = "<group>"; };
		1D72D6781B71D7FD00E80D15 /* Base */ = {isa = PBXFileReference; lastKnownFileType = file.xib; name = Base; path = Base.lproj/LaunchScreen.xib; sourceTree = "<group>"; };
		1D72D67E1B71D7FD00E80D15 /* RedScarfTests.xctest */ = {isa = PBXFileReference; explicitFileType = wrapper.cfbundle; includeInIndex = 0; path = RedScarfTests.xctest; sourceTree = BUILT_PRODUCTS_DIR; };
		1D72D6831B71D7FD00E80D15 /* Info.plist */ = {isa = PBXFileReference; lastKnownFileType = text.plist.xml; path = Info.plist; sourceTree = "<group>"; };
		1D72D6841B71D7FD00E80D15 /* RedScarfTests.m */ = {isa = PBXFileReference; lastKnownFileType = sourcecode.c.objc; path = RedScarfTests.m; sourceTree = "<group>"; };
/* End PBXFileReference section */

/* Begin PBXFrameworksBuildPhase section */
		1D72D6621B71D7FD00E80D15 /* Frameworks */ = {
			isa = PBXFrameworksBuildPhase;
			buildActionMask = 2147483647;
			files = (
			);
			runOnlyForDeploymentPostprocessing = 0;
		};
		1D72D67B1B71D7FD00E80D15 /* Frameworks */ = {
			isa = PBXFrameworksBuildPhase;
			buildActionMask = 2147483647;
			files = (
			);
			runOnlyForDeploymentPostprocessing = 0;
		};
/* End PBXFrameworksBuildPhase section */

/* Begin PBXGroup section */
		1D72D65C1B71D7FD00E80D15 = {
			isa = PBXGroup;
			children = (
				1D72D6671B71D7FD00E80D15 /* RedScarf */,
				1D72D6811B71D7FD00E80D15 /* RedScarfTests */,
				1D72D6661B71D7FD00E80D15 /* Products */,
			);
			sourceTree = "<group>";
		};
		1D72D6661B71D7FD00E80D15 /* Products */ = {
			isa = PBXGroup;
			children = (
				1D72D6651B71D7FD00E80D15 /* RedScarf.app */,
				1D72D67E1B71D7FD00E80D15 /* RedScarfTests.xctest */,
			);
			name = Products;
			sourceTree = "<group>";
		};
		1D72D6671B71D7FD00E80D15 /* RedScarf */ = {
			isa = PBXGroup;
			children = (
				1D72D66C1B71D7FD00E80D15 /* AppDelegate.h */,
				1D72D66D1B71D7FD00E80D15 /* AppDelegate.m */,
				1D72D66F1B71D7FD00E80D15 /* ViewController.h */,
				1D72D6701B71D7FD00E80D15 /* ViewController.m */,
				1D72D6721B71D7FD00E80D15 /* Main.storyboard */,
				1D72D6751B71D7FD00E80D15 /* Images.xcassets */,
				1D72D6771B71D7FD00E80D15 /* LaunchScreen.xib */,
				1D72D6681B71D7FD00E80D15 /* Supporting Files */,
			);
			path = RedScarf;
			sourceTree = "<group>";
		};
		1D72D6681B71D7FD00E80D15 /* Supporting Files */ = {
			isa = PBXGroup;
			children = (
				1D72D6691B71D7FD00E80D15 /* Info.plist */,
				1D72D66A1B71D7FD00E80D15 /* main.m */,
			);
			name = "Supporting Files";
			sourceTree = "<group>";
		};
		1D72D6811B71D7FD00E80D15 /* RedScarfTests */ = {
			isa = PBXGroup;
			children = (
				1D72D6841B71D7FD00E80D15 /* RedScarfTests.m */,
				1D72D6821B71D7FD00E80D15 /* Supporting Files */,
			);
			path = RedScarfTests;
			sourceTree = "<group>";
		};
		1D72D6821B71D7FD00E80D15 /* Supporting Files */ = {
			isa = PBXGroup;
			children = (
				1D72D6831B71D7FD00E80D15 /* Info.plist */,
			);
			name = "Supporting Files";
			sourceTree = "<group>";
		};
/* End PBXGroup section */

/* Begin PBXNativeTarget section */
		1D72D6641B71D7FD00E80D15 /* RedScarf */ = {
			isa = PBXNativeTarget;
			buildConfigurationList = 1D72D6881B71D7FD00E80D15 /* Build configuration list for PBXNativeTarget "RedScarf" */;
			buildPhases = (
				1D72D6611B71D7FD00E80D15 /* Sources */,
				1D72D6621B71D7FD00E80D15 /* Frameworks */,
				1D72D6631B71D7FD00E80D15 /* Resources */,
			);
			buildRules = (
			);
			dependencies = (
			);
			name = RedScarf;
			productName = RedScarf;
			productReference = 1D72D6651B71D7FD00E80D15 /* RedScarf.app */;
			productType = "com.apple.product-type.application";
		};
		1D72D67D1B71D7FD00E80D15 /* RedScarfTests */ = {
			isa = PBXNativeTarget;
			buildConfigurationList = 1D72D68B1B71D7FD00E80D15 /* Build configuration list for PBXNativeTarget "RedScarfTests" */;
			buildPhases = (
				1D72D67A1B71D7FD00E80D15 /* Sources */,
				1D72D67B1B71D7FD00E80D15 /* Frameworks */,
				1D72D67C1B71D7FD00E80D15 /* Resources */,
			);
			buildRules = (
			);
			dependencies = (
				1D72D6801B71D7FD00E80D15 /* PBXTargetDependency */,
			);
			name = RedScarfTests;
			productName = RedScarfTests;
			productReference = 1D72D67E1B71D7FD00E80D15 /* RedScarfTests.xctest */;
			productType = "com.apple.product-type.bundle.unit-test";
		};
/* End PBXNativeTarget section */

/* Begin PBXProject section */
		1D72D65D1B71D7FD00E80D15 /* Project object */ = {
			isa = PBXProject;
			attributes = {
				LastUpgradeCheck = 0620;
				ORGANIZATIONNAME = zhangb;
				TargetAttributes = {
					1D72D6641B71D7FD00E80D15 = {
						CreatedOnToolsVersion = 6.2;
					};
					1D72D67D1B71D7FD00E80D15 = {
						CreatedOnToolsVersion = 6.2;
						TestTargetID = 1D72D6641B71D7FD00E80D15;
					};
				};
			};
			buildConfigurationList = 1D72D6601B71D7FD00E80D15 /* Build configuration list for PBXProject "RedScarf" */;
			compatibilityVersion = "Xcode 3.2";
			developmentRegion = English;
			hasScannedForEncodings = 0;
			knownRegions = (
				en,
				Base,
			);
			mainGroup = 1D72D65C1B71D7FD00E80D15;
			productRefGroup = 1D72D6661B71D7FD00E80D15 /* Products */;
			projectDirPath = "";
			projectRoot = "";
			targets = (
				1D72D6641B71D7FD00E80D15 /* RedScarf */,
				1D72D67D1B71D7FD00E80D15 /* RedScarfTests */,
			);
		};
/* End PBXProject section */

/* Begin PBXResourcesBuildPhase section */
		1D72D6631B71D7FD00E80D15 /* Resources */ = {
			isa = PBXResourcesBuildPhase;
			buildActionMask = 2147483647;
			files = (
				1D72D6741B71D7FD00E80D15 /* Main.storyboard in Resources */,
				1D72D6791B71D7FD00E80D15 /* LaunchScreen.xib in Resources */,
				1D72D6761B71D7FD00E80D15 /* Images.xcassets in Resources */,
			);
			runOnlyForDeploymentPostprocessing = 0;
		};
		1D72D67C1B71D7FD00E80D15 /* Resources */ = {
			isa = PBXResourcesBuildPhase;
			buildActionMask = 2147483647;
			files = (
			);
			runOnlyForDeploymentPostprocessing = 0;
		};
/* End PBXResourcesBuildPhase section */

/* Begin PBXSourcesBuildPhase section */
		1D72D6611B71D7FD00E80D15 /* Sources */ = {
			isa = PBXSourcesBuildPhase;
			buildActionMask = 2147483647;
			files = (
				1D72D6711B71D7FD00E80D15 /* ViewController.m in Sources */,
				1D72D66E1B71D7FD00E80D15 /* AppDelegate.m in Sources */,
				1D72D66B1B71D7FD00E80D15 /* main.m in Sources */,
			);
			runOnlyForDeploymentPostprocessing = 0;
		};
		1D72D67A1B71D7FD00E80D15 /* Sources */ = {
			isa = PBXSourcesBuildPhase;
			buildActionMask = 2147483647;
			files = (
				1D72D6851B71D7FD00E80D15 /* RedScarfTests.m in Sources */,
			);
			runOnlyForDeploymentPostprocessing = 0;
		};
/* End PBXSourcesBuildPhase section */

/* Begin PBXTargetDependency section */
		1D72D6801B71D7FD00E80D15 /* PBXTargetDependency */ = {
			isa = PBXTargetDependency;
			target = 1D72D6641B71D7FD00E80D15 /* RedScarf */;
			targetProxy = 1D72D67F1B71D7FD00E80D15 /* PBXContainerItemProxy */;
		};
/* End PBXTargetDependency section */

/* Begin PBXVariantGroup section */
		1D72D6721B71D7FD00E80D15 /* Main.storyboard */ = {
			isa = PBXVariantGroup;
			children = (
				1D72D6731B71D7FD00E80D15 /* Base */,
			);
			name = Main.storyboard;
			sourceTree = "<group>";
		};
		1D72D6771B71D7FD00E80D15 /* LaunchScreen.xib */ = {
			isa = PBXVariantGroup;
			children = (
				1D72D6781B71D7FD00E80D15 /* Base */,
			);
			name = LaunchScreen.xib;
			sourceTree = "<group>";
		};
/* End PBXVariantGroup section */

/* Begin XCBuildConfiguration section */
		1D72D6861B71D7FD00E80D15 /* Debug */ = {
			isa = XCBuildConfiguration;
			buildSettings = {
				ALWAYS_SEARCH_USER_PATHS = NO;
				CLANG_CXX_LANGUAGE_STANDARD = "gnu++0x";
				CLANG_CXX_LIBRARY = "libc++";
				CLANG_ENABLE_MODULES = YES;
				CLANG_ENABLE_OBJC_ARC = YES;
				CLANG_WARN_BOOL_CONVERSION = YES;
				CLANG_WARN_CONSTANT_CONVERSION = YES;
				CLANG_WARN_DIRECT_OBJC_ISA_USAGE = YES_ERROR;
				CLANG_WARN_EMPTY_BODY = YES;
				CLANG_WARN_ENUM_CONVERSION = YES;
				CLANG_WARN_INT_CONVERSION = YES;
				CLANG_WARN_OBJC_ROOT_CLASS = YES_ERROR;
				CLANG_WARN_UNREACHABLE_CODE = YES;
				CLANG_WARN__DUPLICATE_METHOD_MATCH = YES;
				"CODE_SIGN_IDENTITY[sdk=iphoneos*]" = "iPhone Developer";
				COPY_PHASE_STRIP = NO;
				ENABLE_STRICT_OBJC_MSGSEND = YES;
				GCC_C_LANGUAGE_STANDARD = gnu99;
				GCC_DYNAMIC_NO_PIC = NO;
				GCC_OPTIMIZATION_LEVEL = 0;
				GCC_PREPROCESSOR_DEFINITIONS = (
					"DEBUG=1",
					"$(inherited)",
				);
				GCC_SYMBOLS_PRIVATE_EXTERN = NO;
				GCC_WARN_64_TO_32_BIT_CONVERSION = YES;
				GCC_WARN_ABOUT_RETURN_TYPE = YES_ERROR;
				GCC_WARN_UNDECLARED_SELECTOR = YES;
				GCC_WARN_UNINITIALIZED_AUTOS = YES_AGGRESSIVE;
				GCC_WARN_UNUSED_FUNCTION = YES;
				GCC_WARN_UNUSED_VARIABLE = YES;
				IPHONEOS_DEPLOYMENT_TARGET = 8.2;
				MTL_ENABLE_DEBUG_INFO = YES;
				ONLY_ACTIVE_ARCH = YES;
				SDKROOT = iphoneos;
				TARGETED_DEVICE_FAMILY = "1,2";
			};
			name = Debug;
		};
		1D72D6871B71D7FD00E80D15 /* Release */ = {
			isa = XCBuildConfiguration;
			buildSettings = {
				ALWAYS_SEARCH_USER_PATHS = NO;
				CLANG_CXX_LANGUAGE_STANDARD = "gnu++0x";
				CLANG_CXX_LIBRARY = "libc++";
				CLANG_ENABLE_MODULES = YES;
				CLANG_ENABLE_OBJC_ARC = YES;
				CLANG_WARN_BOOL_CONVERSION = YES;
				CLANG_WARN_CONSTANT_CONVERSION = YES;
				CLANG_WARN_DIRECT_OBJC_ISA_USAGE = YES_ERROR;
				CLANG_WARN_EMPTY_BODY = YES;
				CLANG_WARN_ENUM_CONVERSION = YES;
				CLANG_WARN_INT_CONVERSION = YES;
				CLANG_WARN_OBJC_ROOT_CLASS = YES_ERROR;
				CLANG_WARN_UNREACHABLE_CODE = YES;
				CLANG_WARN__DUPLICATE_METHOD_MATCH = YES;
				"CODE_SIGN_IDENTITY[sdk=iphoneos*]" = "iPhone Developer";
				COPY_PHASE_STRIP = NO;
				ENABLE_NS_ASSERTIONS = NO;
				ENABLE_STRICT_OBJC_MSGSEND = YES;
				GCC_C_LANGUAGE_STANDARD = gnu99;
				GCC_WARN_64_TO_32_BIT_CONVERSION = YES;
				GCC_WARN_ABOUT_RETURN_TYPE = YES_ERROR;
				GCC_WARN_UNDECLARED_SELECTOR = YES;
				GCC_WARN_UNINITIALIZED_AUTOS = YES_AGGRESSIVE;
				GCC_WARN_UNUSED_FUNCTION = YES;
				GCC_WARN_UNUSED_VARIABLE = YES;
				IPHONEOS_DEPLOYMENT_TARGET = 8.2;
				MTL_ENABLE_DEBUG_INFO = NO;
				SDKROOT = iphoneos;
				TARGETED_DEVICE_FAMILY = "1,2";
				VALIDATE_PRODUCT = YES;
			};
			name = Release;
		};
		1D72D6891B71D7FD00E80D15 /* Debug */ = {
			isa = XCBuildConfiguration;
			buildSettings = {
				ASSETCATALOG_COMPILER_APPICON_NAME = AppIcon;
				INFOPLIST_FILE = RedScarf/Info.plist;
				LD_RUNPATH_SEARCH_PATHS = "$(inherited) @executable_path/Frameworks";
				PRODUCT_NAME = "$(TARGET_NAME)";
			};
			name = Debug;
		};
		1D72D68A1B71D7FD00E80D15 /* Release */ = {
			isa = XCBuildConfiguration;
			buildSettings = {
				ASSETCATALOG_COMPILER_APPICON_NAME = AppIcon;
				INFOPLIST_FILE = RedScarf/Info.plist;
				LD_RUNPATH_SEARCH_PATHS = "$(inherited) @executable_path/Frameworks";
				PRODUCT_NAME = "$(TARGET_NAME)";
			};
			name = Release;
		};
		1D72D68C1B71D7FD00E80D15 /* Debug */ = {
			isa = XCBuildConfiguration;
			buildSettings = {
				BUNDLE_LOADER = "$(TEST_HOST)";
				FRAMEWORK_SEARCH_PATHS = (
					"$(SDKROOT)/Developer/Library/Frameworks",
					"$(inherited)",
				);
				GCC_PREPROCESSOR_DEFINITIONS = (
					"DEBUG=1",
					"$(inherited)",
				);
				INFOPLIST_FILE = RedScarfTests/Info.plist;
				LD_RUNPATH_SEARCH_PATHS = "$(inherited) @executable_path/Frameworks @loader_path/Frameworks";
				PRODUCT_NAME = "$(TARGET_NAME)";
				TEST_HOST = "$(BUILT_PRODUCTS_DIR)/RedScarf.app/RedScarf";
			};
			name = Debug;
		};
		1D72D68D1B71D7FD00E80D15 /* Release */ = {
			isa = XCBuildConfiguration;
			buildSettings = {
				BUNDLE_LOADER = "$(TEST_HOST)";
				FRAMEWORK_SEARCH_PATHS = (
					"$(SDKROOT)/Developer/Library/Frameworks",
					"$(inherited)",
				);
				INFOPLIST_FILE = RedScarfTests/Info.plist;
				LD_RUNPATH_SEARCH_PATHS = "$(inherited) @executable_path/Frameworks @loader_path/Frameworks";
				PRODUCT_NAME = "$(TARGET_NAME)";
				TEST_HOST = "$(BUILT_PRODUCTS_DIR)/RedScarf.app/RedScarf";
			};
			name = Release;
		};
/* End XCBuildConfiguration section */

/* Begin XCConfigurationList section */
		1D72D6601B71D7FD00E80D15 /* Build configuration list for PBXProject "RedScarf" */ = {
			isa = XCConfigurationList;
			buildConfigurations = (
				1D72D6861B71D7FD00E80D15 /* Debug */,
				1D72D6871B71D7FD00E80D15 /* Release */,
			);
			defaultConfigurationIsVisible = 0;
			defaultConfigurationName = Release;
		};
		1D72D6881B71D7FD00E80D15 /* Build configuration list for PBXNativeTarget "RedScarf" */ = {
			isa = XCConfigurationList;
			buildConfigurations = (
				1D72D6891B71D7FD00E80D15 /* Debug */,
				1D72D68A1B71D7FD00E80D15 /* Release */,
			);
			defaultConfigurationIsVisible = 0;
		};
		1D72D68B1B71D7FD00E80D15 /* Build configuration list for PBXNativeTarget "RedScarfTests" */ = {
			isa = XCConfigurationList;
			buildConfigurations = (
				1D72D68C1B71D7FD00E80D15 /* Debug */,
				1D72D68D1B71D7FD00E80D15 /* Release */,
			);
			defaultConfigurationIsVisible = 0;
		};
/* End XCConfigurationList section */
	};
	rootObject = 1D72D65D1B71D7FD00E80D15 /* Project object */;
}
